
Microsoft Visual Studio Solution File, Format Version 12.00
# Visual Studio Version 17
VisualStudioVersion = 17.0.31903.59
MinimumVisualStudioVersion = 10.0.40219.1
Project("{2150E333-8FDC-42A3-9474-1A3956D46DE8}") = "src", "src", "{827E0CD3-B72D-47B6-A68D-7590B98EB39B}"
EndProject
Project("{FAE04EC0-301F-11D3-BF4B-00C04F79EFBC}") = "PushToTalk.Linux", "src\PushToTalk.Linux\PushToTalk.Linux.csproj", "{AE86F209-8F75-4257-9B7C-39E09D4465CE}"
EndProject
Project("{FAE04EC0-301F-11D3-BF4B-00C04F79EFBC}") = "PushToTalk.Service", "src\PushToTalk.Service\PushToTalk.Service.csproj", "{D7701FA8-FA94-4383-B3F3-C2B744443A0E}"
EndProject
Project("{FAE04EC0-301F-11D3-BF4B-00C04F79EFBC}") = "PushToTalk.App", "src\PushToTalk.App\PushToTalk.App.csproj", "{BBFF06DC-815C-49A6-BE0E-8A65634A6649}"
EndProject
Project("{2150E333-8FDC-42A3-9474-1A3956D46DE8}") = "tests", "tests", "{0AB3BF05-4346-4AA6-1389-037BE0695223}"
EndProject
Project("{FAE04EC0-301F-11D3-BF4B-00C04F79EFBC}") = "PushToTalk.Linux.Tests", "tests\PushToTalk.Linux.Tests\PushToTalk.Linux.Tests.csproj", "{083AAEE2-22C2-44FC-8D34-5464C26D38CD}"
EndProject
Project("{FAE04EC0-301F-11D3-BF4B-00C04F79EFBC}") = "PushToTalk.Core", "src\PushToTalk.Core\PushToTalk.Core.csproj", "{9E5A7ECE-3642-48B0-8386-A5CFA210B853}"
EndProject
Project("{FAE04EC0-301F-11D3-BF4B-00C04F79EFBC}") = "PushToTalk.Core.Tests", "tests\PushToTalk.Core.Tests\PushToTalk.Core.Tests.csproj", "{C537AA11-FD94-4B3A-817C-00648E999519}"
EndProject
Project("{FAE04EC0-301F-11D3-BF4B-00C04F79EFBC}") = "PushToTalk.Service.Tests", "tests\PushToTalk.Service.Tests\PushToTalk.Service.Tests.csproj", "{18F17F64-6CEA-4824-8087-7A3A03428E0E}"
EndProject
Project("{FAE04EC0-301F-11D3-BF4B-00C04F79EFBC}") = "PushToTalk.Data", "src\PushToTalk.Data\PushToTalk.Data.csproj", "{703B2AF8-F8E4-45EB-87FF-CAE99554CA8F}"
EndProject
Project("{FAE04EC0-301F-11D3-BF4B-00C04F79EFBC}") = "PushToTalk.Data.EntityFrameworkCore", "src\PushToTalk.Data.EntityFrameworkCore\PushToTalk.Data.EntityFrameworkCore.csproj", "{6D000256-9758-439E-B2F0-805976ADEE61}"
EndProject
Project("{FAE04EC0-301F-11D3-BF4B-00C04F79EFBC}") = "PushToTalk.Data.Tests", "tests\PushToTalk.Data.Tests\PushToTalk.Data.Tests.csproj", "{872BB9DC-E1EA-4482-8B6E-B26228A33349}"
EndProject
Project("{FAE04EC0-301F-11D3-BF4B-00C04F79EFBC}") = "PushToTalk.Data.EntityFrameworkCore.Tests", "tests\PushToTalk.Data.EntityFrameworkCore.Tests\PushToTalk.Data.EntityFrameworkCore.Tests.csproj", "{70FD8E79-0A99-43EE-A6E5-7393B7BF1B8F}"
EndProject
Project("{FAE04EC0-301F-11D3-BF4B-00C04F79EFBC}") = "PushToTalk.App.UnitTests", "tests\PushToTalk.App.UnitTests\PushToTalk.App.UnitTests.csproj", "{06098575-E11F-4643-BD62-5F6F2D8ABD0B}"
EndProject
Project("{FAE04EC0-301F-11D3-BF4B-00C04F79EFBC}") = "PushToTalk.App.IntegrationTests", "tests\PushToTalk.App.IntegrationTests\PushToTalk.App.IntegrationTests.csproj", "{D6CC5EB0-41AD-4885-8379-EDD2A9B4BFB5}"
EndProject
Global
	GlobalSection(SolutionConfigurationPlatforms) = preSolution
		Debug|Any CPU = Debug|Any CPU
		Debug|x64 = Debug|x64
		Debug|x86 = Debug|x86
		Release|Any CPU = Release|Any CPU
		Release|x64 = Release|x64
		Release|x86 = Release|x86
	EndGlobalSection
	GlobalSection(ProjectConfigurationPlatforms) = postSolution
		{AE86F209-8F75-4257-9B7C-39E09D4465CE}.Debug|Any CPU.ActiveCfg = Debug|Any CPU
		{AE86F209-8F75-4257-9B7C-39E09D4465CE}.Debug|Any CPU.Build.0 = Debug|Any CPU
		{AE86F209-8F75-4257-9B7C-39E09D4465CE}.Debug|x64.ActiveCfg = Debug|Any CPU
		{AE86F209-8F75-4257-9B7C-39E09D4465CE}.Debug|x64.Build.0 = Debug|Any CPU
		{AE86F209-8F75-4257-9B7C-39E09D4465CE}.Debug|x86.ActiveCfg = Debug|Any CPU
		{AE86F209-8F75-4257-9B7C-39E09D4465CE}.Debug|x86.Build.0 = Debug|Any CPU
		{AE86F209-8F75-4257-9B7C-39E09D4465CE}.Release|Any CPU.ActiveCfg = Release|Any CPU
		{AE86F209-8F75-4257-9B7C-39E09D4465CE}.Release|Any CPU.Build.0 = Release|Any CPU
		{AE86F209-8F75-4257-9B7C-39E09D4465CE}.Release|x64.ActiveCfg = Release|Any CPU
		{AE86F209-8F75-4257-9B7C-39E09D4465CE}.Release|x64.Build.0 = Release|Any CPU
		{AE86F209-8F75-4257-9B7C-39E09D4465CE}.Release|x86.ActiveCfg = Release|Any CPU
		{AE86F209-8F75-4257-9B7C-39E09D4465CE}.Release|x86.Build.0 = Release|Any CPU
		{D7701FA8-FA94-4383-B3F3-C2B744443A0E}.Debug|Any CPU.ActiveCfg = Debug|Any CPU
		{D7701FA8-FA94-4383-B3F3-C2B744443A0E}.Debug|Any CPU.Build.0 = Debug|Any CPU
		{D7701FA8-FA94-4383-B3F3-C2B744443A0E}.Debug|x64.ActiveCfg = Debug|Any CPU
		{D7701FA8-FA94-4383-B3F3-C2B744443A0E}.Debug|x64.Build.0 = Debug|Any CPU
		{D7701FA8-FA94-4383-B3F3-C2B744443A0E}.Debug|x86.ActiveCfg = Debug|Any CPU
		{D7701FA8-FA94-4383-B3F3-C2B744443A0E}.Debug|x86.Build.0 = Debug|Any CPU
		{D7701FA8-FA94-4383-B3F3-C2B744443A0E}.Release|Any CPU.ActiveCfg = Release|Any CPU
		{D7701FA8-FA94-4383-B3F3-C2B744443A0E}.Release|Any CPU.Build.0 = Release|Any CPU
		{D7701FA8-FA94-4383-B3F3-C2B744443A0E}.Release|x64.ActiveCfg = Release|Any CPU
		{D7701FA8-FA94-4383-B3F3-C2B744443A0E}.Release|x64.Build.0 = Release|Any CPU
		{D7701FA8-FA94-4383-B3F3-C2B744443A0E}.Release|x86.ActiveCfg = Release|Any CPU
		{D7701FA8-FA94-4383-B3F3-C2B744443A0E}.Release|x86.Build.0 = Release|Any CPU
		{BBFF06DC-815C-49A6-BE0E-8A65634A6649}.Debug|Any CPU.ActiveCfg = Debug|Any CPU
		{BBFF06DC-815C-49A6-BE0E-8A65634A6649}.Debug|Any CPU.Build.0 = Debug|Any CPU
		{BBFF06DC-815C-49A6-BE0E-8A65634A6649}.Debug|x64.ActiveCfg = Debug|Any CPU
		{BBFF06DC-815C-49A6-BE0E-8A65634A6649}.Debug|x64.Build.0 = Debug|Any CPU
		{BBFF06DC-815C-49A6-BE0E-8A65634A6649}.Debug|x86.ActiveCfg = Debug|Any CPU
		{BBFF06DC-815C-49A6-BE0E-8A65634A6649}.Debug|x86.Build.0 = Debug|Any CPU
		{BBFF06DC-815C-49A6-BE0E-8A65634A6649}.Release|Any CPU.ActiveCfg = Release|Any CPU
		{BBFF06DC-815C-49A6-BE0E-8A65634A6649}.Release|Any CPU.Build.0 = Release|Any CPU
		{BBFF06DC-815C-49A6-BE0E-8A65634A6649}.Release|x64.ActiveCfg = Release|Any CPU
		{BBFF06DC-815C-49A6-BE0E-8A65634A6649}.Release|x64.Build.0 = Release|Any CPU
		{BBFF06DC-815C-49A6-BE0E-8A65634A6649}.Release|x86.ActiveCfg = Release|Any CPU
		{BBFF06DC-815C-49A6-BE0E-8A65634A6649}.Release|x86.Build.0 = Release|Any CPU
		{083AAEE2-22C2-44FC-8D34-5464C26D38CD}.Debug|Any CPU.ActiveCfg = Debug|Any CPU
		{083AAEE2-22C2-44FC-8D34-5464C26D38CD}.Debug|Any CPU.Build.0 = Debug|Any CPU
		{083AAEE2-22C2-44FC-8D34-5464C26D38CD}.Debug|x64.ActiveCfg = Debug|Any CPU
		{083AAEE2-22C2-44FC-8D34-5464C26D38CD}.Debug|x64.Build.0 = Debug|Any CPU
		{083AAEE2-22C2-44FC-8D34-5464C26D38CD}.Debug|x86.ActiveCfg = Debug|Any CPU
		{083AAEE2-22C2-44FC-8D34-5464C26D38CD}.Debug|x86.Build.0 = Debug|Any CPU
		{083AAEE2-22C2-44FC-8D34-5464C26D38CD}.Release|Any CPU.ActiveCfg = Release|Any CPU
		{083AAEE2-22C2-44FC-8D34-5464C26D38CD}.Release|Any CPU.Build.0 = Release|Any CPU
		{083AAEE2-22C2-44FC-8D34-5464C26D38CD}.Release|x64.ActiveCfg = Release|Any CPU
		{083AAEE2-22C2-44FC-8D34-5464C26D38CD}.Release|x64.Build.0 = Release|Any CPU
		{083AAEE2-22C2-44FC-8D34-5464C26D38CD}.Release|x86.ActiveCfg = Release|Any CPU
		{083AAEE2-22C2-44FC-8D34-5464C26D38CD}.Release|x86.Build.0 = Release|Any CPU
		{9E5A7ECE-3642-48B0-8386-A5CFA210B853}.Debug|Any CPU.ActiveCfg = Debug|Any CPU
		{9E5A7ECE-3642-48B0-8386-A5CFA210B853}.Debug|Any CPU.Build.0 = Debug|Any CPU
		{9E5A7ECE-3642-48B0-8386-A5CFA210B853}.Debug|x64.ActiveCfg = Debug|Any CPU
		{9E5A7ECE-3642-48B0-8386-A5CFA210B853}.Debug|x64.Build.0 = Debug|Any CPU
		{9E5A7ECE-3642-48B0-8386-A5CFA210B853}.Debug|x86.ActiveCfg = Debug|Any CPU
		{9E5A7ECE-3642-48B0-8386-A5CFA210B853}.Debug|x86.Build.0 = Debug|Any CPU
		{9E5A7ECE-3642-48B0-8386-A5CFA210B853}.Release|Any CPU.ActiveCfg = Release|Any CPU
		{9E5A7ECE-3642-48B0-8386-A5CFA210B853}.Release|Any CPU.Build.0 = Release|Any CPU
		{9E5A7ECE-3642-48B0-8386-A5CFA210B853}.Release|x64.ActiveCfg = Release|Any CPU
		{9E5A7ECE-3642-48B0-8386-A5CFA210B853}.Release|x64.Build.0 = Release|Any CPU
		{9E5A7ECE-3642-48B0-8386-A5CFA210B853}.Release|x86.ActiveCfg = Release|Any CPU
		{9E5A7ECE-3642-48B0-8386-A5CFA210B853}.Release|x86.Build.0 = Release|Any CPU
		{C537AA11-FD94-4B3A-817C-00648E999519}.Debug|Any CPU.ActiveCfg = Debug|Any CPU
		{C537AA11-FD94-4B3A-817C-00648E999519}.Debug|Any CPU.Build.0 = Debug|Any CPU
		{C537AA11-FD94-4B3A-817C-00648E999519}.Debug|x64.ActiveCfg = Debug|Any CPU
		{C537AA11-FD94-4B3A-817C-00648E999519}.Debug|x64.Build.0 = Debug|Any CPU
		{C537AA11-FD94-4B3A-817C-00648E999519}.Debug|x86.ActiveCfg = Debug|Any CPU
		{C537AA11-FD94-4B3A-817C-00648E999519}.Debug|x86.Build.0 = Debug|Any CPU
		{C537AA11-FD94-4B3A-817C-00648E999519}.Release|Any CPU.ActiveCfg = Release|Any CPU
		{C537AA11-FD94-4B3A-817C-00648E999519}.Release|Any CPU.Build.0 = Release|Any CPU
		{C537AA11-FD94-4B3A-817C-00648E999519}.Release|x64.ActiveCfg = Release|Any CPU
		{C537AA11-FD94-4B3A-817C-00648E999519}.Release|x64.Build.0 = Release|Any CPU
		{C537AA11-FD94-4B3A-817C-00648E999519}.Release|x86.ActiveCfg = Release|Any CPU
		{C537AA11-FD94-4B3A-817C-00648E999519}.Release|x86.Build.0 = Release|Any CPU
		{18F17F64-6CEA-4824-8087-7A3A03428E0E}.Debug|Any CPU.ActiveCfg = Debug|Any CPU
		{18F17F64-6CEA-4824-8087-7A3A03428E0E}.Debug|Any CPU.Build.0 = Debug|Any CPU
		{18F17F64-6CEA-4824-8087-7A3A03428E0E}.Debug|x64.ActiveCfg = Debug|Any CPU
		{18F17F64-6CEA-4824-8087-7A3A03428E0E}.Debug|x64.Build.0 = Debug|Any CPU
		{18F17F64-6CEA-4824-8087-7A3A03428E0E}.Debug|x86.ActiveCfg = Debug|Any CPU
		{18F17F64-6CEA-4824-8087-7A3A03428E0E}.Debug|x86.Build.0 = Debug|Any CPU
		{18F17F64-6CEA-4824-8087-7A3A03428E0E}.Release|Any CPU.ActiveCfg = Release|Any CPU
		{18F17F64-6CEA-4824-8087-7A3A03428E0E}.Release|Any CPU.Build.0 = Release|Any CPU
		{18F17F64-6CEA-4824-8087-7A3A03428E0E}.Release|x64.ActiveCfg = Release|Any CPU
		{18F17F64-6CEA-4824-8087-7A3A03428E0E}.Release|x64.Build.0 = Release|Any CPU
		{18F17F64-6CEA-4824-8087-7A3A03428E0E}.Release|x86.ActiveCfg = Release|Any CPU
		{18F17F64-6CEA-4824-8087-7A3A03428E0E}.Release|x86.Build.0 = Release|Any CPU
		{703B2AF8-F8E4-45EB-87FF-CAE99554CA8F}.Debug|Any CPU.ActiveCfg = Debug|Any CPU
		{703B2AF8-F8E4-45EB-87FF-CAE99554CA8F}.Debug|Any CPU.Build.0 = Debug|Any CPU
		{703B2AF8-F8E4-45EB-87FF-CAE99554CA8F}.Debug|x64.ActiveCfg = Debug|Any CPU
		{703B2AF8-F8E4-45EB-87FF-CAE99554CA8F}.Debug|x64.Build.0 = Debug|Any CPU
		{703B2AF8-F8E4-45EB-87FF-CAE99554CA8F}.Debug|x86.ActiveCfg = Debug|Any CPU
		{703B2AF8-F8E4-45EB-87FF-CAE99554CA8F}.Debug|x86.Build.0 = Debug|Any CPU
		{703B2AF8-F8E4-45EB-87FF-CAE99554CA8F}.Release|Any CPU.ActiveCfg = Release|Any CPU
		{703B2AF8-F8E4-45EB-87FF-CAE99554CA8F}.Release|Any CPU.Build.0 = Release|Any CPU
		{703B2AF8-F8E4-45EB-87FF-CAE99554CA8F}.Release|x64.ActiveCfg = Release|Any CPU
		{703B2AF8-F8E4-45EB-87FF-CAE99554CA8F}.Release|x64.Build.0 = Release|Any CPU
		{703B2AF8-F8E4-45EB-87FF-CAE99554CA8F}.Release|x86.ActiveCfg = Release|Any CPU
		{703B2AF8-F8E4-45EB-87FF-CAE99554CA8F}.Release|x86.Build.0 = Release|Any CPU
		{6D000256-9758-439E-B2F0-805976ADEE61}.Debug|Any CPU.ActiveCfg = Debug|Any CPU
		{6D000256-9758-439E-B2F0-805976ADEE61}.Debug|Any CPU.Build.0 = Debug|Any CPU
		{6D000256-9758-439E-B2F0-805976ADEE61}.Debug|x64.ActiveCfg = Debug|Any CPU
		{6D000256-9758-439E-B2F0-805976ADEE61}.Debug|x64.Build.0 = Debug|Any CPU
		{6D000256-9758-439E-B2F0-805976ADEE61}.Debug|x86.ActiveCfg = Debug|Any CPU
		{6D000256-9758-439E-B2F0-805976ADEE61}.Debug|x86.Build.0 = Debug|Any CPU
		{6D000256-9758-439E-B2F0-805976ADEE61}.Release|Any CPU.ActiveCfg = Release|Any CPU
		{6D000256-9758-439E-B2F0-805976ADEE61}.Release|Any CPU.Build.0 = Release|Any CPU
		{6D000256-9758-439E-B2F0-805976ADEE61}.Release|x64.ActiveCfg = Release|Any CPU
		{6D000256-9758-439E-B2F0-805976ADEE61}.Release|x64.Build.0 = Release|Any CPU
		{6D000256-9758-439E-B2F0-805976ADEE61}.Release|x86.ActiveCfg = Release|Any CPU
		{6D000256-9758-439E-B2F0-805976ADEE61}.Release|x86.Build.0 = Release|Any CPU
		{872BB9DC-E1EA-4482-8B6E-B26228A33349}.Debug|Any CPU.ActiveCfg = Debug|Any CPU
		{872BB9DC-E1EA-4482-8B6E-B26228A33349}.Debug|Any CPU.Build.0 = Debug|Any CPU
		{872BB9DC-E1EA-4482-8B6E-B26228A33349}.Debug|x64.ActiveCfg = Debug|Any CPU
		{872BB9DC-E1EA-4482-8B6E-B26228A33349}.Debug|x64.Build.0 = Debug|Any CPU
		{872BB9DC-E1EA-4482-8B6E-B26228A33349}.Debug|x86.ActiveCfg = Debug|Any CPU
		{872BB9DC-E1EA-4482-8B6E-B26228A33349}.Debug|x86.Build.0 = Debug|Any CPU
		{872BB9DC-E1EA-4482-8B6E-B26228A33349}.Release|Any CPU.ActiveCfg = Release|Any CPU
		{872BB9DC-E1EA-4482-8B6E-B26228A33349}.Release|Any CPU.Build.0 = Release|Any CPU
		{872BB9DC-E1EA-4482-8B6E-B26228A33349}.Release|x64.ActiveCfg = Release|Any CPU
		{872BB9DC-E1EA-4482-8B6E-B26228A33349}.Release|x64.Build.0 = Release|Any CPU
		{872BB9DC-E1EA-4482-8B6E-B26228A33349}.Release|x86.ActiveCfg = Release|Any CPU
		{872BB9DC-E1EA-4482-8B6E-B26228A33349}.Release|x86.Build.0 = Release|Any CPU
		{70FD8E79-0A99-43EE-A6E5-7393B7BF1B8F}.Debug|Any CPU.ActiveCfg = Debug|Any CPU
		{70FD8E79-0A99-43EE-A6E5-7393B7BF1B8F}.Debug|Any CPU.Build.0 = Debug|Any CPU
		{70FD8E79-0A99-43EE-A6E5-7393B7BF1B8F}.Debug|x64.ActiveCfg = Debug|Any CPU
		{70FD8E79-0A99-43EE-A6E5-7393B7BF1B8F}.Debug|x64.Build.0 = Debug|Any CPU
		{70FD8E79-0A99-43EE-A6E5-7393B7BF1B8F}.Debug|x86.ActiveCfg = Debug|Any CPU
		{70FD8E79-0A99-43EE-A6E5-7393B7BF1B8F}.Debug|x86.Build.0 = Debug|Any CPU
		{70FD8E79-0A99-43EE-A6E5-7393B7BF1B8F}.Release|Any CPU.ActiveCfg = Release|Any CPU
		{70FD8E79-0A99-43EE-A6E5-7393B7BF1B8F}.Release|Any CPU.Build.0 = Release|Any CPU
		{70FD8E79-0A99-43EE-A6E5-7393B7BF1B8F}.Release|x64.ActiveCfg = Release|Any CPU
		{70FD8E79-0A99-43EE-A6E5-7393B7BF1B8F}.Release|x64.Build.0 = Release|Any CPU
		{70FD8E79-0A99-43EE-A6E5-7393B7BF1B8F}.Release|x86.ActiveCfg = Release|Any CPU
		{70FD8E79-0A99-43EE-A6E5-7393B7BF1B8F}.Release|x86.Build.0 = Release|Any CPU
		{06098575-E11F-4643-BD62-5F6F2D8ABD0B}.Debug|Any CPU.ActiveCfg = Debug|Any CPU
		{06098575-E11F-4643-BD62-5F6F2D8ABD0B}.Debug|Any CPU.Build.0 = Debug|Any CPU
		{06098575-E11F-4643-BD62-5F6F2D8ABD0B}.Debug|x64.ActiveCfg = Debug|Any CPU
		{06098575-E11F-4643-BD62-5F6F2D8ABD0B}.Debug|x64.Build.0 = Debug|Any CPU
		{06098575-E11F-4643-BD62-5F6F2D8ABD0B}.Debug|x86.ActiveCfg = Debug|Any CPU
		{06098575-E11F-4643-BD62-5F6F2D8ABD0B}.Debug|x86.Build.0 = Debug|Any CPU
		{06098575-E11F-4643-BD62-5F6F2D8ABD0B}.Release|Any CPU.ActiveCfg = Release|Any CPU
		{06098575-E11F-4643-BD62-5F6F2D8ABD0B}.Release|Any CPU.Build.0 = Release|Any CPU
		{06098575-E11F-4643-BD62-5F6F2D8ABD0B}.Release|x64.ActiveCfg = Release|Any CPU
		{06098575-E11F-4643-BD62-5F6F2D8ABD0B}.Release|x64.Build.0 = Release|Any CPU
		{06098575-E11F-4643-BD62-5F6F2D8ABD0B}.Release|x86.ActiveCfg = Release|Any CPU
		{06098575-E11F-4643-BD62-5F6F2D8ABD0B}.Release|x86.Build.0 = Release|Any CPU
		{D6CC5EB0-41AD-4885-8379-EDD2A9B4BFB5}.Debug|Any CPU.ActiveCfg = Debug|Any CPU
		{D6CC5EB0-41AD-4885-8379-EDD2A9B4BFB5}.Debug|Any CPU.Build.0 = Debug|Any CPU
		{D6CC5EB0-41AD-4885-8379-EDD2A9B4BFB5}.Debug|x64.ActiveCfg = Debug|Any CPU
		{D6CC5EB0-41AD-4885-8379-EDD2A9B4BFB5}.Debug|x64.Build.0 = Debug|Any CPU
		{D6CC5EB0-41AD-4885-8379-EDD2A9B4BFB5}.Debug|x86.ActiveCfg = Debug|Any CPU
		{D6CC5EB0-41AD-4885-8379-EDD2A9B4BFB5}.Debug|x86.Build.0 = Debug|Any CPU
		{D6CC5EB0-41AD-4885-8379-EDD2A9B4BFB5}.Release|Any CPU.ActiveCfg = Release|Any CPU
		{D6CC5EB0-41AD-4885-8379-EDD2A9B4BFB5}.Release|Any CPU.Build.0 = Release|Any CPU
		{D6CC5EB0-41AD-4885-8379-EDD2A9B4BFB5}.Release|x64.ActiveCfg = Release|Any CPU
		{D6CC5EB0-41AD-4885-8379-EDD2A9B4BFB5}.Release|x64.Build.0 = Release|Any CPU
		{D6CC5EB0-41AD-4885-8379-EDD2A9B4BFB5}.Release|x86.ActiveCfg = Release|Any CPU
		{D6CC5EB0-41AD-4885-8379-EDD2A9B4BFB5}.Release|x86.Build.0 = Release|Any CPU
	EndGlobalSection
	GlobalSection(SolutionProperties) = preSolution
		HideSolutionNode = FALSE
	EndGlobalSection
	GlobalSection(NestedProjects) = preSolution
		{AE86F209-8F75-4257-9B7C-39E09D4465CE} = {827E0CD3-B72D-47B6-A68D-7590B98EB39B}
		{D7701FA8-FA94-4383-B3F3-C2B744443A0E} = {827E0CD3-B72D-47B6-A68D-7590B98EB39B}
		{BBFF06DC-815C-49A6-BE0E-8A65634A6649} = {827E0CD3-B72D-47B6-A68D-7590B98EB39B}
		{083AAEE2-22C2-44FC-8D34-5464C26D38CD} = {0AB3BF05-4346-4AA6-1389-037BE0695223}
		{9E5A7ECE-3642-48B0-8386-A5CFA210B853} = {827E0CD3-B72D-47B6-A68D-7590B98EB39B}
		{C537AA11-FD94-4B3A-817C-00648E999519} = {0AB3BF05-4346-4AA6-1389-037BE0695223}
		{18F17F64-6CEA-4824-8087-7A3A03428E0E} = {0AB3BF05-4346-4AA6-1389-037BE0695223}
		{703B2AF8-F8E4-45EB-87FF-CAE99554CA8F} = {827E0CD3-B72D-47B6-A68D-7590B98EB39B}
		{6D000256-9758-439E-B2F0-805976ADEE61} = {827E0CD3-B72D-47B6-A68D-7590B98EB39B}
		{872BB9DC-E1EA-4482-8B6E-B26228A33349} = {0AB3BF05-4346-4AA6-1389-037BE0695223}
		{70FD8E79-0A99-43EE-A6E5-7393B7BF1B8F} = {0AB3BF05-4346-4AA6-1389-037BE0695223}
		{06098575-E11F-4643-BD62-5F6F2D8ABD0B} = {0AB3BF05-4346-4AA6-1389-037BE0695223}
		{D6CC5EB0-41AD-4885-8379-EDD2A9B4BFB5} = {0AB3BF05-4346-4AA6-1389-037BE0695223}
	EndGlobalSection
EndGlobal
